
Microsoft Visual Studio Solution File, Format Version 12.00
# Visual Studio Version 17
VisualStudioVersion = 17.0.31903.59
MinimumVisualStudioVersion = 10.0.40219.1
Project("{FAE04EC0-301F-11D3-BF4B-00C04F79EFBC}") = "API", "API\API.csproj", "{CC4D812E-4E4E-484B-A0C1-8C2614A005FB}"
EndProject
Project("{FAE04EC0-301F-11D3-BF4B-00C04F79EFBC}") = "Core", "Core\Core.csproj", "{384CFA7B-F14F-4AC9-9A5B-4F08576E907A}"
EndProject
Project("{FAE04EC0-301F-11D3-BF4B-00C04F79EFBC}") = "Infrastructure", "Infrastructure\Infrastructure.csproj", "{0F324BB3-B206-4E11-9923-5E930CC2E5F0}"
EndProject
Global
	GlobalSection(SolutionConfigurationPlatforms) = preSolution
		Debug|Any CPU = Debug|Any CPU
		Release|Any CPU = Release|Any CPU
	EndGlobalSection
	GlobalSection(ProjectConfigurationPlatforms) = postSolution
		{CC4D812E-4E4E-484B-A0C1-8C2614A005FB}.Debug|Any CPU.ActiveCfg = Debug|Any CPU
		{CC4D812E-4E4E-484B-A0C1-8C2614A005FB}.Debug|Any CPU.Build.0 = Debug|Any CPU
		{CC4D812E-4E4E-484B-A0C1-8C2614A005FB}.Release|Any CPU.ActiveCfg = Release|Any CPU
		{CC4D812E-4E4E-484B-A0C1-8C2614A005FB}.Release|Any CPU.Build.0 = Release|Any CPU
		{384CFA7B-F14F-4AC9-9A5B-4F08576E907A}.Debug|Any CPU.ActiveCfg = Debug|Any CPU
		{384CFA7B-F14F-4AC9-9A5B-4F08576E907A}.Debug|Any CPU.Build.0 = Debug|Any CPU
		{384CFA7B-F14F-4AC9-9A5B-4F08576E907A}.Release|Any CPU.ActiveCfg = Release|Any CPU
		{384CFA7B-F14F-4AC9-9A5B-4F08576E907A}.Release|Any CPU.Build.0 = Release|Any CPU
		{0F324BB3-B206-4E11-9923-5E930CC2E5F0}.Debug|Any CPU.ActiveCfg = Debug|Any CPU
		{0F324BB3-B206-4E11-9923-5E930CC2E5F0}.Debug|Any CPU.Build.0 = Debug|Any CPU
		{0F324BB3-B206-4E11-9923-5E930CC2E5F0}.Release|Any CPU.ActiveCfg = Release|Any CPU
		{0F324BB3-B206-4E11-9923-5E930CC2E5F0}.Release|Any CPU.Build.0 = Release|Any CPU
	EndGlobalSection
	GlobalSection(SolutionProperties) = preSolution
		HideSolutionNode = FALSE
	EndGlobalSection
	GlobalSection(ExtensibilityGlobals) = postSolution
		SolutionGuid = {3F5635DC-542B-4132-B423-DB1E6C9139F6}
	EndGlobalSection
EndGlobal
